
Microsoft Visual Studio Solution File, Format Version 12.00
# Visual Studio 2013
VisualStudioVersion = 12.0.31101.0
MinimumVisualStudioVersion = 10.0.40219.1
Project("{FAE04EC0-301F-11D3-BF4B-00C04F79EFBC}") = "01_DailyRate", "DailyRate\01_DailyRate.csproj", "{43887D31-F5FE-4F2D-80AC-4688F7ADAE87}"
EndProject
Project("{FAE04EC0-301F-11D3-BF4B-00C04F79EFBC}") = "02_DailyRateOptionalParameters", "DailyRateOptionalParameters\02_DailyRateOptionalParameters.csproj", "{C61AE7C7-404B-4FC7-BF4D-3DAFDCCCBD3E}"
EndProject
Project("{FAE04EC0-301F-11D3-BF4B-00C04F79EFBC}") = "03_DailyRateMethodsOverload", "DailyRateMethodsOverload\03_DailyRateMethodsOverload.csproj", "{265678EA-A45D-43B4-BC4A-9E52CB525ED3}"
EndProject
Project("{FAE04EC0-301F-11D3-BF4B-00C04F79EFBC}") = "04_DailyRateRecursion", "04_DailyRateRecursion\04_DailyRateRecursion.csproj", "{FECAFDE2-1963-4F1D-86D5-447A45B91F23}"
EndProject
Global
	GlobalSection(SolutionConfigurationPlatforms) = preSolution
		Debug|Any CPU = Debug|Any CPU
		Release|Any CPU = Release|Any CPU
	EndGlobalSection
	GlobalSection(ProjectConfigurationPlatforms) = postSolution
		{43887D31-F5FE-4F2D-80AC-4688F7ADAE87}.Debug|Any CPU.ActiveCfg = Debug|Any CPU
		{43887D31-F5FE-4F2D-80AC-4688F7ADAE87}.Debug|Any CPU.Build.0 = Debug|Any CPU
		{43887D31-F5FE-4F2D-80AC-4688F7ADAE87}.Release|Any CPU.ActiveCfg = Release|Any CPU
		{43887D31-F5FE-4F2D-80AC-4688F7ADAE87}.Release|Any CPU.Build.0 = Release|Any CPU
		{C61AE7C7-404B-4FC7-BF4D-3DAFDCCCBD3E}.Debug|Any CPU.ActiveCfg = Debug|Any CPU
		{C61AE7C7-404B-4FC7-BF4D-3DAFDCCCBD3E}.Debug|Any CPU.Build.0 = Debug|Any CPU
		{C61AE7C7-404B-4FC7-BF4D-3DAFDCCCBD3E}.Release|Any CPU.ActiveCfg = Release|Any CPU
		{C61AE7C7-404B-4FC7-BF4D-3DAFDCCCBD3E}.Release|Any CPU.Build.0 = Release|Any CPU
		{265678EA-A45D-43B4-BC4A-9E52CB525ED3}.Debug|Any CPU.ActiveCfg = Debug|Any CPU
		{265678EA-A45D-43B4-BC4A-9E52CB525ED3}.Debug|Any CPU.Build.0 = Debug|Any CPU
		{265678EA-A45D-43B4-BC4A-9E52CB525ED3}.Release|Any CPU.ActiveCfg = Release|Any CPU
		{265678EA-A45D-43B4-BC4A-9E52CB525ED3}.Release|Any CPU.Build.0 = Release|Any CPU
		{FECAFDE2-1963-4F1D-86D5-447A45B91F23}.Debug|Any CPU.ActiveCfg = Debug|Any CPU
		{FECAFDE2-1963-4F1D-86D5-447A45B91F23}.Debug|Any CPU.Build.0 = Debug|Any CPU
		{FECAFDE2-1963-4F1D-86D5-447A45B91F23}.Release|Any CPU.ActiveCfg = Release|Any CPU
		{FECAFDE2-1963-4F1D-86D5-447A45B91F23}.Release|Any CPU.Build.0 = Release|Any CPU
	EndGlobalSection
	GlobalSection(SolutionProperties) = preSolution
		HideSolutionNode = FALSE
	EndGlobalSection
EndGlobal
